
Microsoft Visual Studio Solution File, Format Version 12.00
# Visual Studio Version 16
VisualStudioVersion = 16.0.31321.278
MinimumVisualStudioVersion = 10.0.40219.1
Project("{FAE04EC0-301F-11D3-BF4B-00C04F79EFBC}") = "Tugas_2", "Tugas_2\Tugas_2.csproj", "{A23C4F2A-F268-4029-A596-D1F249AA9FF4}"
EndProject
Global
	GlobalSection(SolutionConfigurationPlatforms) = preSolution
		Debug|Any CPU = Debug|Any CPU
		Release|Any CPU = Release|Any CPU
	EndGlobalSection
	GlobalSection(ProjectConfigurationPlatforms) = postSolution
		{A23C4F2A-F268-4029-A596-D1F249AA9FF4}.Debug|Any CPU.ActiveCfg = Debug|Any CPU
		{A23C4F2A-F268-4029-A596-D1F249AA9FF4}.Debug|Any CPU.Build.0 = Debug|Any CPU
		{A23C4F2A-F268-4029-A596-D1F249AA9FF4}.Release|Any CPU.ActiveCfg = Release|Any CPU
		{A23C4F2A-F268-4029-A596-D1F249AA9FF4}.Release|Any CPU.Build.0 = Release|Any CPU
	EndGlobalSection
	GlobalSection(SolutionProperties) = preSolution
		HideSolutionNode = FALSE
	EndGlobalSection
	GlobalSection(ExtensibilityGlobals) = postSolution
		SolutionGuid = {44AB112F-9802-4378-9FB0-15B2EEA764A8}
	EndGlobalSection
EndGlobal
